{
  "originHash" : "d3b9b05171e49e0b04fbb40dbc63a6ed29b235803feb8ff99a64f132cea8c70e",
  "pins" : [
    {
      "identity" : "expression",
      "kind" : "remoteSourceControl",
      "location" : "https://github.com/nicklockwood/Expression",
      "state" : {
        "revision" : "95ffe4c352e456cede933d9910d25b9c84039d1b",
        "version" : "0.13.9"
      }
    },
    {
      "identity" : "keyboardshortcuts",
      "kind" : "remoteSourceControl",
      "location" : "https://github.com/sindresorhus/KeyboardShortcuts",
      "state" : {
        "revision" : "1aef85578fdd4f9eaeeb8d53b7b4fc31bf08fe27",
        "version" : "2.4.0"
      }
    }
  ],
  "version" : 3
}
